Microsoft Visual Studio Solution File, Format Version 11.00
# Visual Studio 2010
Project("{8BC9CEB8-8B4A-11D0-8D11-00A0C91BC942}") = "CanFestival-3", "CanFestival-3.vc8.vcxproj", "{50EF2507-9B87-4525-8B19-80EB42E67079}"
EndProject
Project("{8BC9CEB8-8B4A-11D0-8D11-00A0C91BC942}") = "can_uvccm_win32", "drivers\can_uvccm_win32\can_uvccm_win32.vcxproj", "{782632D2-B467-DF90-C86E-D767972BAA59}"
EndProject
Project("{8BC9CEB8-8B4A-11D0-8D11-00A0C91BC942}") = "can_peak_win32", "drivers\can_peak_win32\can_peak_win32.vcxproj", "{C943EB26-ADEA-0DCD-E581-8BF52F0F20F5}"
EndProject
Project("{8BC9CEB8-8B4A-11D0-8D11-00A0C91BC942}") = "TestMasterSlave", "examples\TestMasterSlave\TestMasterSlave.vcxproj", "{B51A176D-5320-4534-913B-3025CED5B27E}"
EndProject
Project("{8BC9CEB8-8B4A-11D0-8D11-00A0C91BC942}") = "can_ixxat_win32", "drivers\can_ixxat_win32\can_ixxat_win32.vc8.vcxproj", "{8F57E7FF-1B73-4134-A2B2-9C0EADB2AEFB}"
EndProject
Project("{8BC9CEB8-8B4A-11D0-8D11-00A0C91BC942}") = "can_copcican_win32", "drivers\can_copcican_win32\can_copcican_win32.vcxproj", "{A18C416F-3CBB-4744-BA24-FA5C5F3CBE0D}"
EndProject
Global
	GlobalSection(SolutionConfigurationPlatforms) = preSolution
		Debug UNICODE|Win32 = Debug UNICODE|Win32
		Debug|Win32 = Debug|Win32
		Release UNICODE|Win32 = Release UNICODE|Win32
		Release|Win32 = Release|Win32
	EndGlobalSection
	GlobalSection(ProjectConfigurationPlatforms) = postSolution
		{50EF2507-9B87-4525-8B19-80EB42E67079}.Debug UNICODE|Win32.ActiveCfg = Debug|Win32
		{50EF2507-9B87-4525-8B19-80EB42E67079}.Debug UNICODE|Win32.Build.0 = Debug|Win32
		{50EF2507-9B87-4525-8B19-80EB42E67079}.Debug|Win32.ActiveCfg = Debug|Win32
		{50EF2507-9B87-4525-8B19-80EB42E67079}.Debug|Win32.Build.0 = Debug|Win32
		{50EF2507-9B87-4525-8B19-80EB42E67079}.Release UNICODE|Win32.ActiveCfg = Release|Win32
		{50EF2507-9B87-4525-8B19-80EB42E67079}.Release UNICODE|Win32.Build.0 = Release|Win32
		{50EF2507-9B87-4525-8B19-80EB42E67079}.Release|Win32.ActiveCfg = Release|Win32
		{50EF2507-9B87-4525-8B19-80EB42E67079}.Release|Win32.Build.0 = Release|Win32
		{782632D2-B467-DF90-C86E-D767972BAA59}.Debug UNICODE|Win32.ActiveCfg = Debug UNICODE|Win32
		{782632D2-B467-DF90-C86E-D767972BAA59}.Debug UNICODE|Win32.Build.0 = Debug UNICODE|Win32
		{782632D2-B467-DF90-C86E-D767972BAA59}.Debug|Win32.ActiveCfg = Debug|Win32
		{782632D2-B467-DF90-C86E-D767972BAA59}.Debug|Win32.Build.0 = Debug|Win32
		{782632D2-B467-DF90-C86E-D767972BAA59}.Release UNICODE|Win32.ActiveCfg = Release UNICODE|Win32
		{782632D2-B467-DF90-C86E-D767972BAA59}.Release UNICODE|Win32.Build.0 = Release UNICODE|Win32
		{782632D2-B467-DF90-C86E-D767972BAA59}.Release|Win32.ActiveCfg = Release|Win32
		{782632D2-B467-DF90-C86E-D767972BAA59}.Release|Win32.Build.0 = Release|Win32
		{C943EB26-ADEA-0DCD-E581-8BF52F0F20F5}.Debug UNICODE|Win32.ActiveCfg = Debug UNICODE|Win32
		{C943EB26-ADEA-0DCD-E581-8BF52F0F20F5}.Debug UNICODE|Win32.Build.0 = Debug UNICODE|Win32
		{C943EB26-ADEA-0DCD-E581-8BF52F0F20F5}.Debug|Win32.ActiveCfg = Debug|Win32
		{C943EB26-ADEA-0DCD-E581-8BF52F0F20F5}.Debug|Win32.Build.0 = Debug|Win32
		{C943EB26-ADEA-0DCD-E581-8BF52F0F20F5}.Release UNICODE|Win32.ActiveCfg = Release UNICODE|Win32
		{C943EB26-ADEA-0DCD-E581-8BF52F0F20F5}.Release UNICODE|Win32.Build.0 = Release UNICODE|Win32
		{C943EB26-ADEA-0DCD-E581-8BF52F0F20F5}.Release|Win32.ActiveCfg = Release|Win32
		{C943EB26-ADEA-0DCD-E581-8BF52F0F20F5}.Release|Win32.Build.0 = Release|Win32
		{B51A176D-5320-4534-913B-3025CED5B27E}.Debug UNICODE|Win32.ActiveCfg = Debug|Win32
		{B51A176D-5320-4534-913B-3025CED5B27E}.Debug UNICODE|Win32.Build.0 = Debug|Win32
		{B51A176D-5320-4534-913B-3025CED5B27E}.Debug|Win32.ActiveCfg = Debug|Win32
		{B51A176D-5320-4534-913B-3025CED5B27E}.Debug|Win32.Build.0 = Debug|Win32
		{B51A176D-5320-4534-913B-3025CED5B27E}.Release UNICODE|Win32.ActiveCfg = Release|Win32
		{B51A176D-5320-4534-913B-3025CED5B27E}.Release UNICODE|Win32.Build.0 = Release|Win32
		{B51A176D-5320-4534-913B-3025CED5B27E}.Release|Win32.ActiveCfg = Release|Win32
		{B51A176D-5320-4534-913B-3025CED5B27E}.Release|Win32.Build.0 = Release|Win32
		{8F57E7FF-1B73-4134-A2B2-9C0EADB2AEFB}.Debug UNICODE|Win32.ActiveCfg = Debug|Win32
		{8F57E7FF-1B73-4134-A2B2-9C0EADB2AEFB}.Debug UNICODE|Win32.Build.0 = Debug|Win32
		{8F57E7FF-1B73-4134-A2B2-9C0EADB2AEFB}.Debug|Win32.ActiveCfg = Debug|Win32
		{8F57E7FF-1B73-4134-A2B2-9C0EADB2AEFB}.Debug|Win32.Build.0 = Debug|Win32
		{8F57E7FF-1B73-4134-A2B2-9C0EADB2AEFB}.Release UNICODE|Win32.ActiveCfg = Release|Win32
		{8F57E7FF-1B73-4134-A2B2-9C0EADB2AEFB}.Release UNICODE|Win32.Build.0 = Release|Win32
		{8F57E7FF-1B73-4134-A2B2-9C0EADB2AEFB}.Release|Win32.ActiveCfg = Release|Win32
		{8F57E7FF-1B73-4134-A2B2-9C0EADB2AEFB}.Release|Win32.Build.0 = Release|Win32
		{A18C416F-3CBB-4744-BA24-FA5C5F3CBE0D}.Debug UNICODE|Win32.ActiveCfg = Debug|Win32
		{A18C416F-3CBB-4744-BA24-FA5C5F3CBE0D}.Debug UNICODE|Win32.Build.0 = Debug|Win32
		{A18C416F-3CBB-4744-BA24-FA5C5F3CBE0D}.Debug|Win32.ActiveCfg = Debug|Win32
		{A18C416F-3CBB-4744-BA24-FA5C5F3CBE0D}.Debug|Win32.Build.0 = Debug|Win32
		{A18C416F-3CBB-4744-BA24-FA5C5F3CBE0D}.Release UNICODE|Win32.ActiveCfg = Release|Win32
		{A18C416F-3CBB-4744-BA24-FA5C5F3CBE0D}.Release UNICODE|Win32.Build.0 = Release|Win32
		{A18C416F-3CBB-4744-BA24-FA5C5F3CBE0D}.Release|Win32.ActiveCfg = Release|Win32
		{A18C416F-3CBB-4744-BA24-FA5C5F3CBE0D}.Release|Win32.Build.0 = Release|Win32
	EndGlobalSection
	GlobalSection(SolutionProperties) = preSolution
		HideSolutionNode = FALSE
	EndGlobalSection
EndGlobal
