<?xml version="1.0" encoding="utf-8"?>
<Project ToolsVersion="4.0" xmlns="http://schemas.microsoft.com/developer/msbuild/2003">
  <ItemGroup>
    <Filter Include="Source Files">
      <UniqueIdentifier>{4FC737F1-C7A5-4376-A066-2A32D752A2FF}</UniqueIdentifier>
      <Extensions>cpp;c;cxx;def;odl;idl;hpj;bat;asm;asmx</Extensions>
    </Filter>
    <Filter Include="Source Files\win32">
      <UniqueIdentifier>{33ba2315-b35a-4da2-96b9-d19cbf9f5be8}</UniqueIdentifier>
    </Filter>
    <Filter Include="Header Files">
      <UniqueIdentifier>{93995380-89BD-4b04-88EB-625FBE52EBFB}</UniqueIdentifier>
      <Extensions>h;hpp;hxx;hm;inl;inc;xsd</Extensions>
    </Filter>
    <Filter Include="Header Files\win32">
      <UniqueIdentifier>{90752f71-956a-4bea-b160-f31310d6051f}</UniqueIdentifier>
    </Filter>
    <Filter Include="Resource Files">
      <UniqueIdentifier>{67DA6AB6-F800-4c08-8B7A-83BB121AAD01}</UniqueIdentifier>
      <Extensions>rc;ico;cur;bmp;dlg;rc2;rct;bin;rgs;gif;jpg;jpeg;jpe;resx</Extensions>
    </Filter>
  </ItemGroup>
  <ItemGroup>
    <ClCompile Include="src\dcf.c">
      <Filter>Source Files</Filter>
    </ClCompile>
    <ClCompile Include="src\emcy.c">
      <Filter>Source Files</Filter>
    </ClCompile>
    <ClCompile Include="src\lifegrd.c">
      <Filter>Source Files</Filter>
    </ClCompile>
    <ClCompile Include="src\lss.c">
      <Filter>Source Files</Filter>
    </ClCompile>
    <ClCompile Include="src\nmtMaster.c">
      <Filter>Source Files</Filter>
    </ClCompile>
    <ClCompile Include="src\nmtSlave.c">
      <Filter>Source Files</Filter>
    </ClCompile>
    <ClCompile Include="src\objacces.c">
      <Filter>Source Files</Filter>
    </ClCompile>
    <ClCompile Include="src\pdo.c">
      <Filter>Source Files</Filter>
    </ClCompile>
    <ClCompile Include="src\sdo.c">
      <Filter>Source Files</Filter>
    </ClCompile>
    <ClCompile Include="src\states.c">
      <Filter>Source Files</Filter>
    </ClCompile>
    <ClCompile Include="src\sync.c">
      <Filter>Source Files</Filter>
    </ClCompile>
    <ClCompile Include="src\timer.c">
      <Filter>Source Files</Filter>
    </ClCompile>
    <ClCompile Include="drivers\timers_win32\timers_win32.c">
      <Filter>Source Files\win32</Filter>
    </ClCompile>
    <ClCompile Include="drivers\win32\win32.c">
      <Filter>Source Files\win32</Filter>
    </ClCompile>
  </ItemGroup>
  <ItemGroup>
    <ClInclude Include="include\can.h">
      <Filter>Header Files</Filter>
    </ClInclude>
    <ClInclude Include="include\can_driver.h">
      <Filter>Header Files</Filter>
    </ClInclude>
    <ClInclude Include="include\data.h">
      <Filter>Header Files</Filter>
    </ClInclude>
    <ClInclude Include="include\dcf.h">
      <Filter>Header Files</Filter>
    </ClInclude>
    <ClInclude Include="include\def.h">
      <Filter>Header Files</Filter>
    </ClInclude>
    <ClInclude Include="include\lifegrd.h">
      <Filter>Header Files</Filter>
    </ClInclude>
    <ClInclude Include="include\lss.h">
      <Filter>Header Files</Filter>
    </ClInclude>
    <ClInclude Include="include\nmtMaster.h">
      <Filter>Header Files</Filter>
    </ClInclude>
    <ClInclude Include="include\nmtSlave.h">
      <Filter>Header Files</Filter>
    </ClInclude>
    <ClInclude Include="include\objacces.h">
      <Filter>Header Files</Filter>
    </ClInclude>
    <ClInclude Include="include\objdictdef.h">
      <Filter>Header Files</Filter>
    </ClInclude>
    <ClInclude Include="include\pdo.h">
      <Filter>Header Files</Filter>
    </ClInclude>
    <ClInclude Include="include\sdo.h">
      <Filter>Header Files</Filter>
    </ClInclude>
    <ClInclude Include="include\states.h">
      <Filter>Header Files</Filter>
    </ClInclude>
    <ClInclude Include="include\sync.h">
      <Filter>Header Files</Filter>
    </ClInclude>
    <ClInclude Include="include\timer.h">
      <Filter>Header Files</Filter>
    </ClInclude>
    <ClInclude Include="include\timers_driver.h">
      <Filter>Header Files</Filter>
    </ClInclude>
    <ClInclude Include="include\win32\applicfg.h">
      <Filter>Header Files\win32</Filter>
    </ClInclude>
    <ClInclude Include="include\win32\canfestival.h">
      <Filter>Header Files\win32</Filter>
    </ClInclude>
    <ClInclude Include="include\win32\timerscfg.h">
      <Filter>Header Files\win32</Filter>
    </ClInclude>
  </ItemGroup>
  <ItemGroup>
    <CustomBuildStep Include="src\win32\CanFestival-3.def">
      <Filter>Source Files</Filter>
    </CustomBuildStep>
  </ItemGroup>
</Project>