Microsoft Visual Studio Solution File, Format Version 10.00
# Visual C++ Express 2008
Project("{8BC9CEB8-8B4A-11D0-8D11-00A0C91BC942}") = "CanFestival-3", "CanFestival-3.vc9.vcproj", "{50EF2507-9B87-4525-8B19-80EB42E67079}"
EndProject
Project("{8BC9CEB8-8B4A-11D0-8D11-00A0C91BC942}") = "can_ixxat_win32", "drivers\can_ixxat_win32\can_ixxat_win32.vc9.vcproj", "{8F57E7FF-1B73-4134-A2B2-9C0EADB2AEFB}"
EndProject
Project("{8BC9CEB8-8B4A-11D0-8D11-00A0C91BC942}") = "TestMasterMicroMod", "examples\DS401_Master\TestMasterMicroMod.vc9.vcproj", "{B51A176D-5320-4534-913B-3025CED5B27E}"
	ProjectSection(ProjectDependencies) = postProject
		{50EF2507-9B87-4525-8B19-80EB42E67079} = {50EF2507-9B87-4525-8B19-80EB42E67079}
	EndProjectSection
EndProject
Project("{8BC9CEB8-8B4A-11D0-8D11-00A0C91BC942}") = "CANOpenShell", "examples\CANOpenShell\CANOpenShell.vc9.vcproj", "{06B3C378-9EE4-4C56-A519-775FF499DAB5}"
	ProjectSection(ProjectDependencies) = postProject
		{50EF2507-9B87-4525-8B19-80EB42E67079} = {50EF2507-9B87-4525-8B19-80EB42E67079}
	EndProjectSection
EndProject
Project("{8BC9CEB8-8B4A-11D0-8D11-00A0C91BC942}") = "win32test", "examples\win32test\win32test.vc9.vcproj", "{BD8B1FE1-89CD-4F89-8275-0F553FA71059}"
	ProjectSection(ProjectDependencies) = postProject
		{50EF2507-9B87-4525-8B19-80EB42E67079} = {50EF2507-9B87-4525-8B19-80EB42E67079}
	EndProjectSection
EndProject
Project("{8BC9CEB8-8B4A-11D0-8D11-00A0C91BC942}") = "can_anagate_win32", "drivers\can_anagate_win32\can_anagate_win32.vc9.vcproj", "{2F3E1E68-1518-4829-B543-8DF2987E664B}"
EndProject
Project("{8BC9CEB8-8B4A-11D0-8D11-00A0C91BC942}") = "can_peak_win32", "drivers\can_peak_win32\can_peak_win32.vc9.vcproj", "{732EC5B6-C6F1-4783-9BC8-924FFF67BF5A}"
EndProject
Global
	GlobalSection(SolutionConfigurationPlatforms) = preSolution
		Debug UNICODE|Win32 = Debug UNICODE|Win32
		Debug|Win32 = Debug|Win32
		Release UNICODE|Win32 = Release UNICODE|Win32
		Release|Win32 = Release|Win32
	EndGlobalSection
	GlobalSection(ProjectConfigurationPlatforms) = postSolution
		{50EF2507-9B87-4525-8B19-80EB42E67079}.Debug UNICODE|Win32.ActiveCfg = Debug|Win32
		{50EF2507-9B87-4525-8B19-80EB42E67079}.Debug UNICODE|Win32.Build.0 = Debug|Win32
		{50EF2507-9B87-4525-8B19-80EB42E67079}.Debug|Win32.ActiveCfg = Debug|Win32
		{50EF2507-9B87-4525-8B19-80EB42E67079}.Debug|Win32.Build.0 = Debug|Win32
		{50EF2507-9B87-4525-8B19-80EB42E67079}.Release UNICODE|Win32.ActiveCfg = Release|Win32
		{50EF2507-9B87-4525-8B19-80EB42E67079}.Release UNICODE|Win32.Build.0 = Release|Win32
		{50EF2507-9B87-4525-8B19-80EB42E67079}.Release|Win32.ActiveCfg = Release|Win32
		{50EF2507-9B87-4525-8B19-80EB42E67079}.Release|Win32.Build.0 = Release|Win32
		{8F57E7FF-1B73-4134-A2B2-9C0EADB2AEFB}.Debug UNICODE|Win32.ActiveCfg = Debug|Win32
		{8F57E7FF-1B73-4134-A2B2-9C0EADB2AEFB}.Debug UNICODE|Win32.Build.0 = Debug|Win32
		{8F57E7FF-1B73-4134-A2B2-9C0EADB2AEFB}.Debug|Win32.ActiveCfg = Debug|Win32
		{8F57E7FF-1B73-4134-A2B2-9C0EADB2AEFB}.Debug|Win32.Build.0 = Debug|Win32
		{8F57E7FF-1B73-4134-A2B2-9C0EADB2AEFB}.Release UNICODE|Win32.ActiveCfg = Release|Win32
		{8F57E7FF-1B73-4134-A2B2-9C0EADB2AEFB}.Release UNICODE|Win32.Build.0 = Release|Win32
		{8F57E7FF-1B73-4134-A2B2-9C0EADB2AEFB}.Release|Win32.ActiveCfg = Release|Win32
		{8F57E7FF-1B73-4134-A2B2-9C0EADB2AEFB}.Release|Win32.Build.0 = Release|Win32
		{B51A176D-5320-4534-913B-3025CED5B27E}.Debug UNICODE|Win32.ActiveCfg = Debug|Win32
		{B51A176D-5320-4534-913B-3025CED5B27E}.Debug UNICODE|Win32.Build.0 = Debug|Win32
		{B51A176D-5320-4534-913B-3025CED5B27E}.Debug|Win32.ActiveCfg = Debug|Win32
		{B51A176D-5320-4534-913B-3025CED5B27E}.Debug|Win32.Build.0 = Debug|Win32
		{B51A176D-5320-4534-913B-3025CED5B27E}.Release UNICODE|Win32.ActiveCfg = Release|Win32
		{B51A176D-5320-4534-913B-3025CED5B27E}.Release UNICODE|Win32.Build.0 = Release|Win32
		{B51A176D-5320-4534-913B-3025CED5B27E}.Release|Win32.ActiveCfg = Release|Win32
		{B51A176D-5320-4534-913B-3025CED5B27E}.Release|Win32.Build.0 = Release|Win32
		{06B3C378-9EE4-4C56-A519-775FF499DAB5}.Debug UNICODE|Win32.ActiveCfg = Debug|Win32
		{06B3C378-9EE4-4C56-A519-775FF499DAB5}.Debug UNICODE|Win32.Build.0 = Debug|Win32
		{06B3C378-9EE4-4C56-A519-775FF499DAB5}.Debug|Win32.ActiveCfg = Debug|Win32
		{06B3C378-9EE4-4C56-A519-775FF499DAB5}.Debug|Win32.Build.0 = Debug|Win32
		{06B3C378-9EE4-4C56-A519-775FF499DAB5}.Release UNICODE|Win32.ActiveCfg = Release|Win32
		{06B3C378-9EE4-4C56-A519-775FF499DAB5}.Release UNICODE|Win32.Build.0 = Release|Win32
		{06B3C378-9EE4-4C56-A519-775FF499DAB5}.Release|Win32.ActiveCfg = Release|Win32
		{06B3C378-9EE4-4C56-A519-775FF499DAB5}.Release|Win32.Build.0 = Release|Win32
		{BD8B1FE1-89CD-4F89-8275-0F553FA71059}.Debug UNICODE|Win32.ActiveCfg = Debug|Win32
		{BD8B1FE1-89CD-4F89-8275-0F553FA71059}.Debug UNICODE|Win32.Build.0 = Debug|Win32
		{BD8B1FE1-89CD-4F89-8275-0F553FA71059}.Debug|Win32.ActiveCfg = Debug|Win32
		{BD8B1FE1-89CD-4F89-8275-0F553FA71059}.Debug|Win32.Build.0 = Debug|Win32
		{BD8B1FE1-89CD-4F89-8275-0F553FA71059}.Release UNICODE|Win32.ActiveCfg = Release|Win32
		{BD8B1FE1-89CD-4F89-8275-0F553FA71059}.Release UNICODE|Win32.Build.0 = Release|Win32
		{BD8B1FE1-89CD-4F89-8275-0F553FA71059}.Release|Win32.ActiveCfg = Release|Win32
		{BD8B1FE1-89CD-4F89-8275-0F553FA71059}.Release|Win32.Build.0 = Release|Win32
		{2F3E1E68-1518-4829-B543-8DF2987E664B}.Debug UNICODE|Win32.ActiveCfg = Debug|Win32
		{2F3E1E68-1518-4829-B543-8DF2987E664B}.Debug|Win32.ActiveCfg = Debug|Win32
		{2F3E1E68-1518-4829-B543-8DF2987E664B}.Release UNICODE|Win32.ActiveCfg = Release|Win32
		{2F3E1E68-1518-4829-B543-8DF2987E664B}.Release|Win32.ActiveCfg = Release|Win32
		{732EC5B6-C6F1-4783-9BC8-924FFF67BF5A}.Debug UNICODE|Win32.ActiveCfg = Debug UNICODE|Win32
		{732EC5B6-C6F1-4783-9BC8-924FFF67BF5A}.Debug|Win32.ActiveCfg = Debug|Win32
		{732EC5B6-C6F1-4783-9BC8-924FFF67BF5A}.Release UNICODE|Win32.ActiveCfg = Release UNICODE|Win32
		{732EC5B6-C6F1-4783-9BC8-924FFF67BF5A}.Release|Win32.ActiveCfg = Release|Win32
	EndGlobalSection
	GlobalSection(SolutionProperties) = preSolution
		HideSolutionNode = FALSE
	EndGlobalSection
EndGlobal
